
Microsoft Visual Studio Solution File, Format Version 12.00
# Visual Studio 15
VisualStudioVersion = 15.0.28307.489
MinimumVisualStudioVersion = 10.0.40219.1
Project("{FAE04EC0-301F-11D3-BF4B-00C04F79EFBC}") = "FrontEndWebApp", "FrontEndWebApp\FrontEndWebApp.csproj", "{9FB1BBD1-53ED-4768-9CD7-94F78C001532}"
EndProject
Global
	GlobalSection(SolutionConfigurationPlatforms) = preSolution
		Debug|Any CPU = Debug|Any CPU
		Release|Any CPU = Release|Any CPU
	EndGlobalSection
	GlobalSection(ProjectConfigurationPlatforms) = postSolution
		{9FB1BBD1-53ED-4768-9CD7-94F78C001532}.Debug|Any CPU.ActiveCfg = Debug|Any CPU
		{9FB1BBD1-53ED-4768-9CD7-94F78C001532}.Debug|Any CPU.Build.0 = Debug|Any CPU
		{9FB1BBD1-53ED-4768-9CD7-94F78C001532}.Release|Any CPU.ActiveCfg = Release|Any CPU
		{9FB1BBD1-53ED-4768-9CD7-94F78C001532}.Release|Any CPU.Build.0 = Release|Any CPU
	EndGlobalSection
	GlobalSection(SolutionProperties) = preSolution
		HideSolutionNode = FALSE
	EndGlobalSection
	GlobalSection(ExtensibilityGlobals) = postSolution
		SolutionGuid = {00C29A40-9964-410A-A6F0-0AF163070456}
	EndGlobalSection
EndGlobal
